
Microsoft Visual Studio Solution File, Format Version 12.00
# Visual Studio Version 17
VisualStudioVersion = 17.4.33213.308
MinimumVisualStudioVersion = 10.0.40219.1
Project("{FAE04EC0-301F-11D3-BF4B-00C04F79EFBC}") = "Github with Visual Studio", "Github with Visual Studio.csproj", "{595D3D6C-2BD9-4390-90E4-D7C57EF81BD4}"
EndProject
Global
	GlobalSection(SolutionConfigurationPlatforms) = preSolution
		Debug|Any CPU = Debug|Any CPU
		Release|Any CPU = Release|Any CPU
	EndGlobalSection
	GlobalSection(ProjectConfigurationPlatforms) = postSolution
		{595D3D6C-2BD9-4390-90E4-D7C57EF81BD4}.Debug|Any CPU.ActiveCfg = Debug|Any CPU
		{595D3D6C-2BD9-4390-90E4-D7C57EF81BD4}.Debug|Any CPU.Build.0 = Debug|Any CPU
		{595D3D6C-2BD9-4390-90E4-D7C57EF81BD4}.Release|Any CPU.ActiveCfg = Release|Any CPU
		{595D3D6C-2BD9-4390-90E4-D7C57EF81BD4}.Release|Any CPU.Build.0 = Release|Any CPU
	EndGlobalSection
	GlobalSection(SolutionProperties) = preSolution
		HideSolutionNode = FALSE
	EndGlobalSection
	GlobalSection(ExtensibilityGlobals) = postSolution
		SolutionGuid = {6A284D89-BF1B-48EC-B22D-CD10C4018885}
	EndGlobalSection
EndGlobal
